// !$*UTF8*$!
{
	archiveVersion = 1;
	classes = {
	};
	objectVersion = 56;
	objects = {

/* Begin PBXBuildFile section */
		32EB8C362A3EE646003B4A1C /* Quotes_App_challengeApp.swift in Sources */ = {isa = PBXBuildFile; fileRef = 32EB8C352A3EE646003B4A1C /* Quotes_App_challengeApp.swift */; };
		32EB8C382A3EE646003B4A1C /* ContentView.swift in Sources */ = {isa = PBXBuildFile; fileRef = 32EB8C372A3EE646003B4A1C /* ContentView.swift */; };
		32EB8C3A2A3EE647003B4A1C /* Assets.xcassets in Resources */ = {isa = PBXBuildFile; fileRef = 32EB8C392A3EE647003B4A1C /* Assets.xcassets */; };
		32EB8C3D2A3EE647003B4A1C /* Preview Assets.xcassets in Resources */ = {isa = PBXBuildFile; fileRef = 32EB8C3C2A3EE647003B4A1C /* Preview Assets.xcassets */; };
		32EB8C492A3EE6AC003B4A1C /* Data.json in Resources */ = {isa = PBXBuildFile; fileRef = 32EB8C482A3EE6AC003B4A1C /* Data.json */; };
		32EB8C4B2A3EE8A7003B4A1C /* DataService.swift in Sources */ = {isa = PBXBuildFile; fileRef = 32EB8C4A2A3EE8A7003B4A1C /* DataService.swift */; };
		32EB8C4D2A3EE8DD003B4A1C /* Quote.swift in Sources */ = {isa = PBXBuildFile; fileRef = 32EB8C4C2A3EE8DD003B4A1C /* Quote.swift */; };
		32EB8C4F2A3EEC39003B4A1C /* QuoteModel.swift in Sources */ = {isa = PBXBuildFile; fileRef = 32EB8C4E2A3EEC39003B4A1C /* QuoteModel.swift */; };
		32EB8C512A3EF666003B4A1C /* DetailView.swift in Sources */ = {isa = PBXBuildFile; fileRef = 32EB8C502A3EF666003B4A1C /* DetailView.swift */; };
/* End PBXBuildFile section */

/* Begin PBXFileReference section */
		32EB8C322A3EE646003B4A1C /* Quotes App challenge.app */ = {isa = PBXFileReference; explicitFileType = wrapper.application; includeInIndex = 0; path = "Quotes App challenge.app"; sourceTree = BUILT_PRODUCTS_DIR; };
		32EB8C352A3EE646003B4A1C /* Quotes_App_challengeApp.swift */ = {isa = PBXFileReference; lastKnownFileType = sourcecode.swift; path = Quotes_App_challengeApp.swift; sourceTree = "<group>"; };
		32EB8C372A3EE646003B4A1C /* ContentView.swift */ = {isa = PBXFileReference; lastKnownFileType = sourcecode.swift; path = ContentView.swift; sourceTree = "<group>"; };
		32EB8C392A3EE647003B4A1C /* Assets.xcassets */ = {isa = PBXFileReference; lastKnownFileType = folder.assetcatalog; path = Assets.xcassets; sourceTree = "<group>"; };
		32EB8C3C2A3EE647003B4A1C /* Preview Assets.xcassets */ = {isa = PBXFileReference; lastKnownFileType = folder.assetcatalog; path = "Preview Assets.xcassets"; sourceTree = "<group>"; };
		32EB8C482A3EE6AC003B4A1C /* Data.json */ = {isa = PBXFileReference; fileEncoding = 4; lastKnownFileType = text.json; path = Data.json; sourceTree = "<group>"; };
		32EB8C4A2A3EE8A7003B4A1C /* DataService.swift */ = {isa = PBXFileReference; lastKnownFileType = sourcecode.swift; path = DataService.swift; sourceTree = "<group>"; };
		32EB8C4C2A3EE8DD003B4A1C /* Quote.swift */ = {isa = PBXFileReference; lastKnownFileType = sourcecode.swift; path = Quote.swift; sourceTree = "<group>"; };
		32EB8C4E2A3EEC39003B4A1C /* QuoteModel.swift */ = {isa = PBXFileReference; lastKnownFileType = sourcecode.swift; path = QuoteModel.swift; sourceTree = "<group>"; };
		32EB8C502A3EF666003B4A1C /* DetailView.swift */ = {isa = PBXFileReference; lastKnownFileType = sourcecode.swift; path = DetailView.swift; sourceTree = "<group>"; };
/* End PBXFileReference section */

/* Begin PBXFrameworksBuildPhase section */
		32EB8C2F2A3EE646003B4A1C /* Frameworks */ = {
			isa = PBXFrameworksBuildPhase;
			buildActionMask = 2147483647;
			files = (
			);
			runOnlyForDeploymentPostprocessing = 0;
		};
/* End PBXFrameworksBuildPhase section */

/* Begin PBXGroup section */
		32EB8C292A3EE646003B4A1C = {
			isa = PBXGroup;
			children = (
				32EB8C342A3EE646003B4A1C /* Quotes App challenge */,
				32EB8C332A3EE646003B4A1C /* Products */,
			);
			sourceTree = "<group>";
		};
		32EB8C332A3EE646003B4A1C /* Products */ = {
			isa = PBXGroup;
			children = (
				32EB8C322A3EE646003B4A1C /* Quotes App challenge.app */,
			);
			name = Products;
			sourceTree = "<group>";
		};
		32EB8C342A3EE646003B4A1C /* Quotes App challenge */ = {
			isa = PBXGroup;
			children = (
				32EB8C472A3EE686003B4A1C /* Services */,
				32EB8C462A3EE680003B4A1C /* Data */,
				32EB8C452A3EE668003B4A1C /* ViewModels */,
				32EB8C442A3EE658003B4A1C /* Models */,
				32EB8C432A3EE651003B4A1C /* Views */,
				32EB8C352A3EE646003B4A1C /* Quotes_App_challengeApp.swift */,
				32EB8C392A3EE647003B4A1C /* Assets.xcassets */,
				32EB8C3B2A3EE647003B4A1C /* Preview Content */,
			);
			path = "Quotes App challenge";
			sourceTree = "<group>";
		};
		32EB8C3B2A3EE647003B4A1C /* Preview Content */ = {
			isa = PBXGroup;
			children = (
				32EB8C3C2A3EE647003B4A1C /* Preview Assets.xcassets */,
			);
			path = "Preview Content";
			sourceTree = "<group>";
		};
		32EB8C432A3EE651003B4A1C /* Views */ = {
			isa = PBXGroup;
			children = (
				32EB8C372A3EE646003B4A1C /* ContentView.swift */,
				32EB8C502A3EF666003B4A1C /* DetailView.swift */,
			);
			path = Views;
			sourceTree = "<group>";
		};
		32EB8C442A3EE658003B4A1C /* Models */ = {
			isa = PBXGroup;
			children = (
				32EB8C4C2A3EE8DD003B4A1C /* Quote.swift */,
			);
			path = Models;
			sourceTree = "<group>";
		};
		32EB8C452A3EE668003B4A1C /* ViewModels */ = {
			isa = PBXGroup;
			children = (
				32EB8C4E2A3EEC39003B4A1C /* QuoteModel.swift */,
			);
			path = ViewModels;
			sourceTree = "<group>";
		};
		32EB8C462A3EE680003B4A1C /* Data */ = {
			isa = PBXGroup;
			children = (
				32EB8C482A3EE6AC003B4A1C /* Data.json */,
			);
			path = Data;
			sourceTree = "<group>";
		};
		32EB8C472A3EE686003B4A1C /* Services */ = {
			isa = PBXGroup;
			children = (
				32EB8C4A2A3EE8A7003B4A1C /* DataService.swift */,
			);
			path = Services;
			sourceTree = "<group>";
		};
/* End PBXGroup section */

/* Begin PBXNativeTarget section */
		32EB8C312A3EE646003B4A1C /* Quotes App challenge */ = {
			isa = PBXNativeTarget;
			buildConfigurationList = 32EB8C402A3EE647003B4A1C /* Build configuration list for PBXNativeTarget "Quotes App challenge" */;
			buildPhases = (
				32EB8C2E2A3EE646003B4A1C /* Sources */,
				32EB8C2F2A3EE646003B4A1C /* Frameworks */,
				32EB8C302A3EE646003B4A1C /* Resources */,
			);
			buildRules = (
			);
			dependencies = (
			);
			name = "Quotes App challenge";
			productName = "Quotes App challenge";
			productReference = 32EB8C322A3EE646003B4A1C /* Quotes App challenge.app */;
			productType = "com.apple.product-type.application";
		};
/* End PBXNativeTarget section */

/* Begin PBXProject section */
		32EB8C2A2A3EE646003B4A1C /* Project object */ = {
			isa = PBXProject;
			attributes = {
				BuildIndependentTargetsInParallel = 1;
				LastSwiftUpdateCheck = 1410;
				LastUpgradeCheck = 1410;
				TargetAttributes = {
					32EB8C312A3EE646003B4A1C = {
						CreatedOnToolsVersion = 14.1;
					};
				};
			};
			buildConfigurationList = 32EB8C2D2A3EE646003B4A1C /* Build configuration list for PBXProject "Quotes App challenge" */;
			compatibilityVersion = "Xcode 14.0";
			developmentRegion = en;
			hasScannedForEncodings = 0;
			knownRegions = (
				en,
				Base,
			);
			mainGroup = 32EB8C292A3EE646003B4A1C;
			productRefGroup = 32EB8C332A3EE646003B4A1C /* Products */;
			projectDirPath = "";
			projectRoot = "";
			targets = (
				32EB8C312A3EE646003B4A1C /* Quotes App challenge */,
			);
		};
/* End PBXProject section */

/* Begin PBXResourcesBuildPhase section */
		32EB8C302A3EE646003B4A1C /* Resources */ = {
			isa = PBXResourcesBuildPhase;
			buildActionMask = 2147483647;
			files = (
				32EB8C3D2A3EE647003B4A1C /* Preview Assets.xcassets in Resources */,
				32EB8C3A2A3EE647003B4A1C /* Assets.xcassets in Resources */,
				32EB8C492A3EE6AC003B4A1C /* Data.json in Resources */,
			);
			runOnlyForDeploymentPostprocessing = 0;
		};
/* End PBXResourcesBuildPhase section */

/* Begin PBXSourcesBuildPhase section */
		32EB8C2E2A3EE646003B4A1C /* Sources */ = {
			isa = PBXSourcesBuildPhase;
			buildActionMask = 2147483647;
			files = (
				32EB8C4F2A3EEC39003B4A1C /* QuoteModel.swift in Sources */,
				32EB8C512A3EF666003B4A1C /* DetailView.swift in Sources */,
				32EB8C4D2A3EE8DD003B4A1C /* Quote.swift in Sources */,
				32EB8C4B2A3EE8A7003B4A1C /* DataService.swift in Sources */,
				32EB8C382A3EE646003B4A1C /* ContentView.swift in Sources */,
				32EB8C362A3EE646003B4A1C /* Quotes_App_challengeApp.swift in Sources */,
			);
			runOnlyForDeploymentPostprocessing = 0;
		};
/* End PBXSourcesBuildPhase section */

/* Begin XCBuildConfiguration section */
		32EB8C3E2A3EE647003B4A1C /* Debug */ = {
			isa = XCBuildConfiguration;
			buildSettings = {
				ALWAYS_SEARCH_USER_PATHS = NO;
				CLANG_ANALYZER_NONNULL = YES;
				CLANG_ANALYZER_NUMBER_OBJECT_CONVERSION = YES_AGGRESSIVE;
				CLANG_CXX_LANGUAGE_STANDARD = "gnu++20";
				CLANG_ENABLE_MODULES = YES;
				CLANG_ENABLE_OBJC_ARC = YES;
				CLANG_ENABLE_OBJC_WEAK = YES;
				CLANG_WARN_BLOCK_CAPTURE_AUTORELEASING = YES;
				CLANG_WARN_BOOL_CONVERSION = YES;
				CLANG_WARN_COMMA = YES;
				CLANG_WARN_CONSTANT_CONVERSION = YES;
				CLANG_WARN_DEPRECATED_OBJC_IMPLEMENTATIONS = YES;
				CLANG_WARN_DIRECT_OBJC_ISA_USAGE = YES_ERROR;
				CLANG_WARN_DOCUMENTATION_COMMENTS = YES;
				CLANG_WARN_EMPTY_BODY = YES;
				CLANG_WARN_ENUM_CONVERSION = YES;
				CLANG_WARN_INFINITE_RECURSION = YES;
				CLANG_WARN_INT_CONVERSION = YES;
				CLANG_WARN_NON_LITERAL_NULL_CONVERSION = YES;
				CLANG_WARN_OBJC_IMPLICIT_RETAIN_SELF = YES;
				CLANG_WARN_OBJC_LITERAL_CONVERSION = YES;
				CLANG_WARN_OBJC_ROOT_CLASS = YES_ERROR;
				CLANG_WARN_QUOTED_INCLUDE_IN_FRAMEWORK_HEADER = YES;
				CLANG_WARN_RANGE_LOOP_ANALYSIS = YES;
				CLANG_WARN_STRICT_PROTOTYPES = YES;
				CLANG_WARN_SUSPICIOUS_MOVE = YES;
				CLANG_WARN_UNGUARDED_AVAILABILITY = YES_AGGRESSIVE;
				CLANG_WARN_UNREACHABLE_CODE = YES;
				CLANG_WARN__DUPLICATE_METHOD_MATCH = YES;
				COPY_PHASE_STRIP = NO;
				DEBUG_INFORMATION_FORMAT = dwarf;
				ENABLE_STRICT_OBJC_MSGSEND = YES;
				ENABLE_TESTABILITY = YES;
				GCC_C_LANGUAGE_STANDARD = gnu11;
				GCC_DYNAMIC_NO_PIC = NO;
				GCC_NO_COMMON_BLOCKS = YES;
				GCC_OPTIMIZATION_LEVEL = 0;
				GCC_PREPROCESSOR_DEFINITIONS = (
					"DEBUG=1",
					"$(inherited)",
				);
				GCC_WARN_64_TO_32_BIT_CONVERSION = YES;
				GCC_WARN_ABOUT_RETURN_TYPE = YES_ERROR;
				GCC_WARN_UNDECLARED_SELECTOR = YES;
				GCC_WARN_UNINITIALIZED_AUTOS = YES_AGGRESSIVE;
				GCC_WARN_UNUSED_FUNCTION = YES;
				GCC_WARN_UNUSED_VARIABLE = YES;
				IPHONEOS_DEPLOYMENT_TARGET = 16.1;
				MTL_ENABLE_DEBUG_INFO = INCLUDE_SOURCE;
				MTL_FAST_MATH = YES;
				ONLY_ACTIVE_ARCH = YES;
				SDKROOT = iphoneos;
				SWIFT_ACTIVE_COMPILATION_CONDITIONS = DEBUG;
				SWIFT_OPTIMIZATION_LEVEL = "-Onone";
			};
			name = Debug;
		};
		32EB8C3F2A3EE647003B4A1C /* Release */ = {
			isa = XCBuildConfiguration;
			buildSettings = {
				ALWAYS_SEARCH_USER_PATHS = NO;
				CLANG_ANALYZER_NONNULL = YES;
				CLANG_ANALYZER_NUMBER_OBJECT_CONVERSION = YES_AGGRESSIVE;
				CLANG_CXX_LANGUAGE_STANDARD = "gnu++20";
				CLANG_ENABLE_MODULES = YES;
				CLANG_ENABLE_OBJC_ARC = YES;
				CLANG_ENABLE_OBJC_WEAK = YES;
				CLANG_WARN_BLOCK_CAPTURE_AUTORELEASING = YES;
				CLANG_WARN_BOOL_CONVERSION = YES;
				CLANG_WARN_COMMA = YES;
				CLANG_WARN_CONSTANT_CONVERSION = YES;
				CLANG_WARN_DEPRECATED_OBJC_IMPLEMENTATIONS = YES;
				CLANG_WARN_DIRECT_OBJC_ISA_USAGE = YES_ERROR;
				CLANG_WARN_DOCUMENTATION_COMMENTS = YES;
				CLANG_WARN_EMPTY_BODY = YES;
				CLANG_WARN_ENUM_CONVERSION = YES;
				CLANG_WARN_INFINITE_RECURSION = YES;
				CLANG_WARN_INT_CONVERSION = YES;
				CLANG_WARN_NON_LITERAL_NULL_CONVERSION = YES;
				CLANG_WARN_OBJC_IMPLICIT_RETAIN_SELF = YES;
				CLANG_WARN_OBJC_LITERAL_CONVERSION = YES;
				CLANG_WARN_OBJC_ROOT_CLASS = YES_ERROR;
				CLANG_WARN_QUOTED_INCLUDE_IN_FRAMEWORK_HEADER = YES;
				CLANG_WARN_RANGE_LOOP_ANALYSIS = YES;
				CLANG_WARN_STRICT_PROTOTYPES = YES;
				CLANG_WARN_SUSPICIOUS_MOVE = YES;
				CLANG_WARN_UNGUARDED_AVAILABILITY = YES_AGGRESSIVE;
				CLANG_WARN_UNREACHABLE_CODE = YES;
				CLANG_WARN__DUPLICATE_METHOD_MATCH = YES;
				COPY_PHASE_STRIP = NO;
				DEBUG_INFORMATION_FORMAT = "dwarf-with-dsym";
				ENABLE_NS_ASSERTIONS = NO;
				ENABLE_STRICT_OBJC_MSGSEND = YES;
				GCC_C_LANGUAGE_STANDARD = gnu11;
				GCC_NO_COMMON_BLOCKS = YES;
				GCC_WARN_64_TO_32_BIT_CONVERSION = YES;
				GCC_WARN_ABOUT_RETURN_TYPE = YES_ERROR;
				GCC_WARN_UNDECLARED_SELECTOR = YES;
				GCC_WARN_UNINITIALIZED_AUTOS = YES_AGGRESSIVE;
				GCC_WARN_UNUSED_FUNCTION = YES;
				GCC_WARN_UNUSED_VARIABLE = YES;
				IPHONEOS_DEPLOYMENT_TARGET = 16.1;
				MTL_ENABLE_DEBUG_INFO = NO;
				MTL_FAST_MATH = YES;
				SDKROOT = iphoneos;
				SWIFT_COMPILATION_MODE = wholemodule;
				SWIFT_OPTIMIZATION_LEVEL = "-O";
				VALIDATE_PRODUCT = YES;
			};
			name = Release;
		};
		32EB8C412A3EE647003B4A1C /* Debug */ = {
			isa = XCBuildConfiguration;
			buildSettings = {
				ASSETCATALOG_COMPILER_APPICON_NAME = AppIcon;
				ASSETCATALOG_COMPILER_GLOBAL_ACCENT_COLOR_NAME = AccentColor;
				CODE_SIGN_STYLE = Automatic;
				CURRENT_PROJECT_VERSION = 1;
				DEVELOPMENT_ASSET_PATHS = "\"Quotes App challenge/Preview Content\"";
				DEVELOPMENT_TEAM = YUBAHJ7MY9;
				ENABLE_PREVIEWS = YES;
				GENERATE_INFOPLIST_FILE = YES;
				INFOPLIST_KEY_UIApplicationSceneManifest_Generation = YES;
				INFOPLIST_KEY_UIApplicationSupportsIndirectInputEvents = YES;
				INFOPLIST_KEY_UILaunchScreen_Generation = YES;
				INFOPLIST_KEY_UISupportedInterfaceOrientations_iPad = "UIInterfaceOrientationPortrait UIInterfaceOrientationPortraitUpsideDown UIInterfaceOrientationLandscapeLeft UIInterfaceOrientationLandscapeRight";
				INFOPLIST_KEY_UISupportedInterfaceOrientations_iPhone = "UIInterfaceOrientationPortrait UIInterfaceOrientationLandscapeLeft UIInterfaceOrientationLandscapeRight";
				LD_RUNPATH_SEARCH_PATHS = (
					"$(inherited)",
					"@executable_path/Frameworks",
				);
				MARKETING_VERSION = 1.0;
				PRODUCT_BUNDLE_IDENTIFIER = "com.carmenlucas.Quotes-App-challenge";
				PRODUCT_NAME = "$(TARGET_NAME)";
				SWIFT_EMIT_LOC_STRINGS = YES;
				SWIFT_VERSION = 5.0;
				TARGETED_DEVICE_FAMILY = "1,2";
			};
			name = Debug;
		};
		32EB8C422A3EE647003B4A1C /* Release */ = {
			isa = XCBuildConfiguration;
			buildSettings = {
				ASSETCATALOG_COMPILER_APPICON_NAME = AppIcon;
				ASSETCATALOG_COMPILER_GLOBAL_ACCENT_COLOR_NAME = AccentColor;
				CODE_SIGN_STYLE = Automatic;
				CURRENT_PROJECT_VERSION = 1;
				DEVELOPMENT_ASSET_PATHS = "\"Quotes App challenge/Preview Content\"";
				DEVELOPMENT_TEAM = YUBAHJ7MY9;
				ENABLE_PREVIEWS = YES;
				GENERATE_INFOPLIST_FILE = YES;
				INFOPLIST_KEY_UIApplicationSceneManifest_Generation = YES;
				INFOPLIST_KEY_UIApplicationSupportsIndirectInputEvents = YES;
				INFOPLIST_KEY_UILaunchScreen_Generation = YES;
				INFOPLIST_KEY_UISupportedInterfaceOrientations_iPad = "UIInterfaceOrientationPortrait UIInterfaceOrientationPortraitUpsideDown UIInterfaceOrientationLandscapeLeft UIInterfaceOrientationLandscapeRight";
				INFOPLIST_KEY_UISupportedInterfaceOrientations_iPhone = "UIInterfaceOrientationPortrait UIInterfaceOrientationLandscapeLeft UIInterfaceOrientationLandscapeRight";
				LD_RUNPATH_SEARCH_PATHS = (
					"$(inherited)",
					"@executable_path/Frameworks",
				);
				MARKETING_VERSION = 1.0;
				PRODUCT_BUNDLE_IDENTIFIER = "com.carmenlucas.Quotes-App-challenge";
				PRODUCT_NAME = "$(TARGET_NAME)";
				SWIFT_EMIT_LOC_STRINGS = YES;
				SWIFT_VERSION = 5.0;
				TARGETED_DEVICE_FAMILY = "1,2";
			};
			name = Release;
		};
/* End XCBuildConfiguration section */

/* Begin XCConfigurationList section */
		32EB8C2D2A3EE646003B4A1C /* Build configuration list for PBXProject "Quotes App challenge" */ = {
			isa = XCConfigurationList;
			buildConfigurations = (
				32EB8C3E2A3EE647003B4A1C /* Debug */,
				32EB8C3F2A3EE647003B4A1C /* Release */,
			);
			defaultConfigurationIsVisible = 0;
			defaultConfigurationName = Release;
		};
		32EB8C402A3EE647003B4A1C /* Build configuration list for PBXNativeTarget "Quotes App challenge" */ = {
			isa = XCConfigurationList;
			buildConfigurations = (
				32EB8C412A3EE647003B4A1C /* Debug */,
				32EB8C422A3EE647003B4A1C /* Release */,
			);
			defaultConfigurationIsVisible = 0;
			defaultConfigurationName = Release;
		};
/* End XCConfigurationList section */
	};
	rootObject = 32EB8C2A2A3EE646003B4A1C /* Project object */;
}
